// !$*UTF8*$!
{
	archiveVersion = 1;
	classes = {
	};
	objectVersion = 55;
	objects = {

/* Begin PBXBuildFile section */
		050BFBF5F947CF3DE37F78C3 /* PlacementTestView.swift in Sources */ = {isa = PBXBuildFile; fileRef = 65C9365A5C99EC1EA74CB912 /* PlacementTestView.swift */; };
		0ADC72DCAA13C9DC20950135 /* TierRunApp.swift in Sources */ = {isa = PBXBuildFile; fileRef = E763243C93A749C957962FFD /* TierRunApp.swift */; };
		0B8DD26EA9B759DA8FBCDCCE /* TierRunUITestsLaunchTests.swift in Sources */ = {isa = PBXBuildFile; fileRef = 0C0D90222CB854B6B3E39D4A /* TierRunUITestsLaunchTests.swift */; };
		0C7B5C613484BDE6BD5785ED /* TierView.swift in Sources */ = {isa = PBXBuildFile; fileRef = D8ECEE41BD2E2724C91E8BA4 /* TierView.swift */; };
		127A12FBB4AC57E88471A3AC /* TierRunTests.swift in Sources */ = {isa = PBXBuildFile; fileRef = F0B4586FD2ACF567759EA109 /* TierRunTests.swift */; };
		171E8E996FE69EA3EA9BEDB1 /* Title.swift in Sources */ = {isa = PBXBuildFile; fileRef = 04C05048E86D7DA4AE4DFB9F /* Title.swift */; };
		2B3A7516E2522B769F2DADCF /* OnboardingView.swift in Sources */ = {isa = PBXBuildFile; fileRef = 4C54BED9A81294E1CFAAA37F /* OnboardingView.swift */; };
		2D383E2D05D2FB71958A343B /* TitlesView.swift in Sources */ = {isa = PBXBuildFile; fileRef = 92A2137E2F18E1F1FC095ED8 /* TitlesView.swift */; };
		3118C134FE9C722159BE81D6 /* TierViewModel.swift in Sources */ = {isa = PBXBuildFile; fileRef = 4735052BAEBCC6C9F851E823 /* TierViewModel.swift */; };
		3441B2677B215B8A7C8476DC /* Item.swift in Sources */ = {isa = PBXBuildFile; fileRef = 5ED54F5A0C3C9EDEDF47F871 /* Item.swift */; };
		3581694BA92FB7C6DB43BFCA /* HomeView.swift in Sources */ = {isa = PBXBuildFile; fileRef = 47938239D98CBEFC8F391E11 /* HomeView.swift */; };
		3696A781E660987992D00BE5 /* CertificatrGenerator.swift in Sources */ = {isa = PBXBuildFile; fileRef = A7E7888F06ACB27DF68231AF /* CertificatrGenerator.swift */; };
		38BA5711A2297273453E7C55 /* WeeklyGoalCardView.swift in Sources */ = {isa = PBXBuildFile; fileRef = E58BF3C3E8E3B8CD4DD98931 /* WeeklyGoalCardView.swift */; };
		39795A3EF79D769000262690 /* TuistBundle+TierRun.swift in Sources */ = {isa = PBXBuildFile; fileRef = 442A584D692E4E6706BDB683 /* TuistBundle+TierRun.swift */; };
		4322D129EFDC91F83A54C967 /* TierBadgeView.swift in Sources */ = {isa = PBXBuildFile; fileRef = 8114A576D4A8092A6D6003CA /* TierBadgeView.swift */; };
		46790FFB279532952F52F1D4 /* Run.swift in Sources */ = {isa = PBXBuildFile; fileRef = DFD721426806ADFC162CE5E9 /* Run.swift */; };
		55CB8D9DB2BE0766C31B2E4E /* TuistAssets+TierRun.swift in Sources */ = {isa = PBXBuildFile; fileRef = CF6C1574C468DB7C987054BC /* TuistAssets+TierRun.swift */; };
		5CC46E48A54AA0A7A41DCD3B /* ProfileView.swift in Sources */ = {isa = PBXBuildFile; fileRef = D5DF1B61CBA75D406F6A2F42 /* ProfileView.swift */; };
		5E7CA548BB1F98DC6E717651 /* DonationView.swift in Sources */ = {isa = PBXBuildFile; fileRef = 12B72DB36485714879F796FE /* DonationView.swift */; };
		613A604158A6467152501B3E /* Extensions.swift in Sources */ = {isa = PBXBuildFile; fileRef = C5AE4B53AED42051C610D4CC /* Extensions.swift */; };
		6434E8398D80AE6F26F8DC03 /* AchievementsView.swift in Sources */ = {isa = PBXBuildFile; fileRef = 87A036AA34345C769F61AFDA /* AchievementsView.swift */; };
		6446C47F3BF39716ADCCBE87 /* User.swift in Sources */ = {isa = PBXBuildFile; fileRef = 8AE03EFC9F749515FF1F5F97 /* User.swift */; };
		6662624B16EA56ADF81D26AD /* Tier.swift in Sources */ = {isa = PBXBuildFile; fileRef = 1A889937F54687466205D706 /* Tier.swift */; };
		7CA31105C5F00F6222DEF95A /* ContentView.swift in Sources */ = {isa = PBXBuildFile; fileRef = 160A6E47ED2DA355603F21E0 /* ContentView.swift */; };
		86C13129ABF6358B3BD83EEC /* CertificateGeneratorView.swift in Sources */ = {isa = PBXBuildFile; fileRef = 7F4F8F124C116103A6F7F3C7 /* CertificateGeneratorView.swift */; };
		94953B49DB2AAD5866049765 /* SettingsView.swift in Sources */ = {isa = PBXBuildFile; fileRef = 872DBE5E8B6C82CF7BDD6E6B /* SettingsView.swift */; };
		999EE454B5CA45B18E623D9A /* BasicInfoView.swift in Sources */ = {isa = PBXBuildFile; fileRef = 0DCB50651F16E5CE678D5EC5 /* BasicInfoView.swift */; };
		9CC20BD10C4859DBF9B74FB0 /* HealthKitManager.swift in Sources */ = {isa = PBXBuildFile; fileRef = B2DCFC47C141CA8C563AE692 /* HealthKitManager.swift */; };
		AA7780AF640C9F6294137217 /* ActivityDetailView.swift in Sources */ = {isa = PBXBuildFile; fileRef = 46379BAA9D0C12DB481F7ABC /* ActivityDetailView.swift */; };
		ABDD1A420FC90375C9A97671 /* NotificationManager.swift in Sources */ = {isa = PBXBuildFile; fileRef = 9B12DC16AEBEF8C03B422D27 /* NotificationManager.swift */; };
		B412852F407EAE8870283E32 /* Assets.xcassets in Resources */ = {isa = PBXBuildFile; fileRef = 6C499BB365AB4716D82C02B5 /* Assets.xcassets */; };
		B43B3E5D9B192DB6536C8E22 /* TierRunUITests.swift in Sources */ = {isa = PBXBuildFile; fileRef = 43C378080BDAF14DB8302E5A /* TierRunUITests.swift */; };
		C0EEABF1F06B90770CDD23FC /* ActivityListView.swift in Sources */ = {isa = PBXBuildFile; fileRef = 58EF8CC296419EAF6A1B5E47 /* ActivityListView.swift */; };
		C64C891369251E04FAFA2217 /* RecentActivityCardView.swift in Sources */ = {isa = PBXBuildFile; fileRef = 40F52F1D8D333938D6FC64A4 /* RecentActivityCardView.swift */; };
		D758420FD80C381EB8434FD7 /* ConditionCardView.swift in Sources */ = {isa = PBXBuildFile; fileRef = C2A55B332626FD348741AB39 /* ConditionCardView.swift */; };
		D9D5B8A9A6D2861FDB51E749 /* ActivityFiltersView.swift in Sources */ = {isa = PBXBuildFile; fileRef = 661D34FA3AEEABD0DE003F3E /* ActivityFiltersView.swift */; };
		DBD2364B10DEC9B2BF13E8D9 /* ActivityViewModel.swift in Sources */ = {isa = PBXBuildFile; fileRef = 5E33A0D326FFAA7324220723 /* ActivityViewModel.swift */; };
		E3B4571C8C13CFD68E3B50ED /* Constants.swift in Sources */ = {isa = PBXBuildFile; fileRef = 09C90FDE87C97B36DC87FE8D /* Constants.swift */; };
		E3D12930C4D6732845F1F656 /* TierSystemInfoView.swift in Sources */ = {isa = PBXBuildFile; fileRef = 1784CF63831A49E6AF7A4869 /* TierSystemInfoView.swift */; };
		E97F3F3D7EBD6BA6E23837F8 /* HomeViewModel.swift in Sources */ = {isa = PBXBuildFile; fileRef = A6A7DADAF6C25355EA943E61 /* HomeViewModel.swift */; };
		E9E2753DBF8693A14C4C7463 /* Achievement.swift in Sources */ = {isa = PBXBuildFile; fileRef = EC26C6DE765EBEC14248AB99 /* Achievement.swift */; };
		F99DA2C702A48B5CF4400859 /* TierCalculator.swift in Sources */ = {isa = PBXBuildFile; fileRef = 4E0B1E2B251D30CDF4512372 /* TierCalculator.swift */; };
		FE8949FD297EC21578BE5E14 /* ProfileViewModel.swift in Sources */ = {isa = PBXBuildFile; fileRef = 21F0698D84BA195A6D4FA5FE /* ProfileViewModel.swift */; };
/* End PBXBuildFile section */

/* Begin PBXContainerItemProxy section */
		8611C224E887D9136907286C /* PBXContainerItemProxy */ = {
			isa = PBXContainerItemProxy;
			containerPortal = 50D50208ADAACFE1C3454E30 /* Project object */;
			proxyType = 1;
			remoteGlobalIDString = 4208799D6C5F715F5E95A8E8;
			remoteInfo = TierRun;
		};
		ED70FA975AD8D513930F9341 /* PBXContainerItemProxy */ = {
			isa = PBXContainerItemProxy;
			containerPortal = 50D50208ADAACFE1C3454E30 /* Project object */;
			proxyType = 1;
			remoteGlobalIDString = 4208799D6C5F715F5E95A8E8;
			remoteInfo = TierRun;
		};
/* End PBXContainerItemProxy section */

/* Begin PBXCopyFilesBuildPhase section */
		15B6F1F34F733150783FF9C1 /* Embed Frameworks */ = {
			isa = PBXCopyFilesBuildPhase;
			buildActionMask = 2147483647;
			dstPath = "";
			dstSubfolderSpec = 10;
			files = (
			);
			name = "Embed Frameworks";
			runOnlyForDeploymentPostprocessing = 0;
		};
		908DD585ED1325851008CE56 /* Embed Frameworks */ = {
			isa = PBXCopyFilesBuildPhase;
			buildActionMask = 2147483647;
			dstPath = "";
			dstSubfolderSpec = 10;
			files = (
			);
			name = "Embed Frameworks";
			runOnlyForDeploymentPostprocessing = 0;
		};
		E2A7C200AE3D5710A2BF3998 /* Embed Frameworks */ = {
			isa = PBXCopyFilesBuildPhase;
			buildActionMask = 2147483647;
			dstPath = "";
			dstSubfolderSpec = 10;
			files = (
			);
			name = "Embed Frameworks";
			runOnlyForDeploymentPostprocessing = 0;
		};
/* End PBXCopyFilesBuildPhase section */

/* Begin PBXFileReference section */
		04C05048E86D7DA4AE4DFB9F /* Title.swift */ = {isa = PBXFileReference; lastKnownFileType = sourcecode.swift; path = Title.swift; sourceTree = "<group>"; };
		09C90FDE87C97B36DC87FE8D /* Constants.swift */ = {isa = PBXFileReference; lastKnownFileType = sourcecode.swift; path = Constants.swift; sourceTree = "<group>"; };
		0C0D90222CB854B6B3E39D4A /* TierRunUITestsLaunchTests.swift */ = {isa = PBXFileReference; lastKnownFileType = sourcecode.swift; path = TierRunUITestsLaunchTests.swift; sourceTree = "<group>"; };
		0DCB50651F16E5CE678D5EC5 /* BasicInfoView.swift */ = {isa = PBXFileReference; lastKnownFileType = sourcecode.swift; path = BasicInfoView.swift; sourceTree = "<group>"; };
		0EF508536AEE9DC0E01F29EA /* TierRun.entitlements */ = {isa = PBXFileReference; lastKnownFileType = text.plist.entitlements; path = TierRun.entitlements; sourceTree = "<group>"; };
		12B72DB36485714879F796FE /* DonationView.swift */ = {isa = PBXFileReference; lastKnownFileType = sourcecode.swift; path = DonationView.swift; sourceTree = "<group>"; };
		12DF9151CEB2B986E938B8E6 /* TierRunUITests.xctest */ = {isa = PBXFileReference; explicitFileType = wrapper.cfbundle; includeInIndex = 0; path = TierRunUITests.xctest; sourceTree = BUILT_PRODUCTS_DIR; };
		160A6E47ED2DA355603F21E0 /* ContentView.swift */ = {isa = PBXFileReference; lastKnownFileType = sourcecode.swift; path = ContentView.swift; sourceTree = "<group>"; };
		1784CF63831A49E6AF7A4869 /* TierSystemInfoView.swift */ = {isa = PBXFileReference; lastKnownFileType = sourcecode.swift; path = TierSystemInfoView.swift; sourceTree = "<group>"; };
		1A889937F54687466205D706 /* Tier.swift */ = {isa = PBXFileReference; lastKnownFileType = sourcecode.swift; path = Tier.swift; sourceTree = "<group>"; };
		21F0698D84BA195A6D4FA5FE /* ProfileViewModel.swift */ = {isa = PBXFileReference; lastKnownFileType = sourcecode.swift; path = ProfileViewModel.swift; sourceTree = "<group>"; };
		40F52F1D8D333938D6FC64A4 /* RecentActivityCardView.swift */ = {isa = PBXFileReference; lastKnownFileType = sourcecode.swift; path = RecentActivityCardView.swift; sourceTree = "<group>"; };
		43C378080BDAF14DB8302E5A /* TierRunUITests.swift */ = {isa = PBXFileReference; lastKnownFileType = sourcecode.swift; path = TierRunUITests.swift; sourceTree = "<group>"; };
		442A584D692E4E6706BDB683 /* TuistBundle+TierRun.swift */ = {isa = PBXFileReference; lastKnownFileType = sourcecode.swift; path = "TuistBundle+TierRun.swift"; sourceTree = "<group>"; };
		46379BAA9D0C12DB481F7ABC /* ActivityDetailView.swift */ = {isa = PBXFileReference; lastKnownFileType = sourcecode.swift; path = ActivityDetailView.swift; sourceTree = "<group>"; };
		4735052BAEBCC6C9F851E823 /* TierViewModel.swift */ = {isa = PBXFileReference; lastKnownFileType = sourcecode.swift; path = TierViewModel.swift; sourceTree = "<group>"; };
		47938239D98CBEFC8F391E11 /* HomeView.swift */ = {isa = PBXFileReference; lastKnownFileType = sourcecode.swift; path = HomeView.swift; sourceTree = "<group>"; };
		4C54BED9A81294E1CFAAA37F /* OnboardingView.swift */ = {isa = PBXFileReference; lastKnownFileType = sourcecode.swift; path = OnboardingView.swift; sourceTree = "<group>"; };
		4E0B1E2B251D30CDF4512372 /* TierCalculator.swift */ = {isa = PBXFileReference; lastKnownFileType = sourcecode.swift; path = TierCalculator.swift; sourceTree = "<group>"; };
		523BD01501C428645D21D306 /* TierRun-Info.plist */ = {isa = PBXFileReference; lastKnownFileType = text.plist; path = "TierRun-Info.plist"; sourceTree = "<group>"; };
		58EF8CC296419EAF6A1B5E47 /* ActivityListView.swift */ = {isa = PBXFileReference; lastKnownFileType = sourcecode.swift; path = ActivityListView.swift; sourceTree = "<group>"; };
		5E33A0D326FFAA7324220723 /* ActivityViewModel.swift */ = {isa = PBXFileReference; lastKnownFileType = sourcecode.swift; path = ActivityViewModel.swift; sourceTree = "<group>"; };
		5ED54F5A0C3C9EDEDF47F871 /* Item.swift */ = {isa = PBXFileReference; lastKnownFileType = sourcecode.swift; path = Item.swift; sourceTree = "<group>"; };
		645F0257520ABD03CF2B0BD4 /* TierRun.app */ = {isa = PBXFileReference; explicitFileType = wrapper.application; includeInIndex = 0; path = TierRun.app; sourceTree = BUILT_PRODUCTS_DIR; };
		65C9365A5C99EC1EA74CB912 /* PlacementTestView.swift */ = {isa = PBXFileReference; lastKnownFileType = sourcecode.swift; path = PlacementTestView.swift; sourceTree = "<group>"; };
		661D34FA3AEEABD0DE003F3E /* ActivityFiltersView.swift */ = {isa = PBXFileReference; lastKnownFileType = sourcecode.swift; path = ActivityFiltersView.swift; sourceTree = "<group>"; };
		6C499BB365AB4716D82C02B5 /* Assets.xcassets */ = {isa = PBXFileReference; lastKnownFileType = folder.assetcatalog; path = Assets.xcassets; sourceTree = "<group>"; };
		7F4F8F124C116103A6F7F3C7 /* CertificateGeneratorView.swift */ = {isa = PBXFileReference; lastKnownFileType = sourcecode.swift; path = CertificateGeneratorView.swift; sourceTree = "<group>"; };
		8114A576D4A8092A6D6003CA /* TierBadgeView.swift */ = {isa = PBXFileReference; lastKnownFileType = sourcecode.swift; path = TierBadgeView.swift; sourceTree = "<group>"; };
		872DBE5E8B6C82CF7BDD6E6B /* SettingsView.swift */ = {isa = PBXFileReference; lastKnownFileType = sourcecode.swift; path = SettingsView.swift; sourceTree = "<group>"; };
		87A036AA34345C769F61AFDA /* AchievementsView.swift */ = {isa = PBXFileReference; lastKnownFileType = sourcecode.swift; path = AchievementsView.swift; sourceTree = "<group>"; };
		8AE03EFC9F749515FF1F5F97 /* User.swift */ = {isa = PBXFileReference; lastKnownFileType = sourcecode.swift; path = User.swift; sourceTree = "<group>"; };
		92A2137E2F18E1F1FC095ED8 /* TitlesView.swift */ = {isa = PBXFileReference; lastKnownFileType = sourcecode.swift; path = TitlesView.swift; sourceTree = "<group>"; };
		9B12DC16AEBEF8C03B422D27 /* NotificationManager.swift */ = {isa = PBXFileReference; lastKnownFileType = sourcecode.swift; path = NotificationManager.swift; sourceTree = "<group>"; };
		A6A7DADAF6C25355EA943E61 /* HomeViewModel.swift */ = {isa = PBXFileReference; lastKnownFileType = sourcecode.swift; path = HomeViewModel.swift; sourceTree = "<group>"; };
		A7E7888F06ACB27DF68231AF /* CertificatrGenerator.swift */ = {isa = PBXFileReference; lastKnownFileType = sourcecode.swift; path = CertificatrGenerator.swift; sourceTree = "<group>"; };
		B2DCFC47C141CA8C563AE692 /* HealthKitManager.swift */ = {isa = PBXFileReference; lastKnownFileType = sourcecode.swift; path = HealthKitManager.swift; sourceTree = "<group>"; };
		B83545210EB8F5456BB6D35C /* TierRunTests-Info.plist */ = {isa = PBXFileReference; lastKnownFileType = text.plist; path = "TierRunTests-Info.plist"; sourceTree = "<group>"; };
		C2A55B332626FD348741AB39 /* ConditionCardView.swift */ = {isa = PBXFileReference; lastKnownFileType = sourcecode.swift; path = ConditionCardView.swift; sourceTree = "<group>"; };
		C5AE4B53AED42051C610D4CC /* Extensions.swift */ = {isa = PBXFileReference; lastKnownFileType = sourcecode.swift; path = Extensions.swift; sourceTree = "<group>"; };
		CF6C1574C468DB7C987054BC /* TuistAssets+TierRun.swift */ = {isa = PBXFileReference; lastKnownFileType = sourcecode.swift; path = "TuistAssets+TierRun.swift"; sourceTree = "<group>"; };
		D5DF1B61CBA75D406F6A2F42 /* ProfileView.swift */ = {isa = PBXFileReference; lastKnownFileType = sourcecode.swift; path = ProfileView.swift; sourceTree = "<group>"; };
		D8ECEE41BD2E2724C91E8BA4 /* TierView.swift */ = {isa = PBXFileReference; lastKnownFileType = sourcecode.swift; path = TierView.swift; sourceTree = "<group>"; };
		DA0E5B28DDB742B9D4CE16EA /* TierRunTests.xctest */ = {isa = PBXFileReference; explicitFileType = wrapper.cfbundle; includeInIndex = 0; path = TierRunTests.xctest; sourceTree = BUILT_PRODUCTS_DIR; };
		DFD721426806ADFC162CE5E9 /* Run.swift */ = {isa = PBXFileReference; lastKnownFileType = sourcecode.swift; path = Run.swift; sourceTree = "<group>"; };
		E58BF3C3E8E3B8CD4DD98931 /* WeeklyGoalCardView.swift */ = {isa = PBXFileReference; lastKnownFileType = sourcecode.swift; path = WeeklyGoalCardView.swift; sourceTree = "<group>"; };
		E763243C93A749C957962FFD /* TierRunApp.swift */ = {isa = PBXFileReference; lastKnownFileType = sourcecode.swift; path = TierRunApp.swift; sourceTree = "<group>"; };
		EC26C6DE765EBEC14248AB99 /* Achievement.swift */ = {isa = PBXFileReference; lastKnownFileType = sourcecode.swift; path = Achievement.swift; sourceTree = "<group>"; };
		EE823D5B6F55605B0D2A13ED /* TierRunUITests-Info.plist */ = {isa = PBXFileReference; lastKnownFileType = text.plist; path = "TierRunUITests-Info.plist"; sourceTree = "<group>"; };
		F0B4586FD2ACF567759EA109 /* TierRunTests.swift */ = {isa = PBXFileReference; lastKnownFileType = sourcecode.swift; path = TierRunTests.swift; sourceTree = "<group>"; };
/* End PBXFileReference section */

/* Begin PBXFrameworksBuildPhase section */
		1CF58C48273F69EBB59A0C50 /* Frameworks */ = {
			isa = PBXFrameworksBuildPhase;
			buildActionMask = 2147483647;
			files = (
			);
			runOnlyForDeploymentPostprocessing = 0;
		};
		78A3C647112CC938C8849A70 /* Frameworks */ = {
			isa = PBXFrameworksBuildPhase;
			buildActionMask = 2147483647;
			files = (
			);
			runOnlyForDeploymentPostprocessing = 0;
		};
		BC95DBFCBA316D0013B29BA2 /* Frameworks */ = {
			isa = PBXFrameworksBuildPhase;
			buildActionMask = 2147483647;
			files = (
			);
			runOnlyForDeploymentPostprocessing = 0;
		};
/* End PBXFrameworksBuildPhase section */

/* Begin PBXGroup section */
		08601089466A99A4203ACDD4 /* Sources */ = {
			isa = PBXGroup;
			children = (
				CF6C1574C468DB7C987054BC /* TuistAssets+TierRun.swift */,
				442A584D692E4E6706BDB683 /* TuistBundle+TierRun.swift */,
			);
			path = Sources;
			sourceTree = "<group>";
		};
		0F85F2F2F57ED71E44EF3A09 /* App */ = {
			isa = PBXGroup;
			children = (
				E763243C93A749C957962FFD /* TierRunApp.swift */,
			);
			path = App;
			sourceTree = "<group>";
		};
		39EC0F4634DD5DF6133938FF /* Services */ = {
			isa = PBXGroup;
			children = (
				09C90FDE87C97B36DC87FE8D /* Constants.swift */,
				C5AE4B53AED42051C610D4CC /* Extensions.swift */,
				B2DCFC47C141CA8C563AE692 /* HealthKitManager.swift */,
				9B12DC16AEBEF8C03B422D27 /* NotificationManager.swift */,
				4E0B1E2B251D30CDF4512372 /* TierCalculator.swift */,
			);
			path = Services;
			sourceTree = "<group>";
		};
		3FC5A67CAE00DE9697CB2AAA /* Derived */ = {
			isa = PBXGroup;
			children = (
				958B073FC8CAA5B41B01B9EE /* InfoPlists */,
				08601089466A99A4203ACDD4 /* Sources */,
			);
			path = Derived;
			sourceTree = "<group>";
		};
		41F7F3979D36319671C006A6 /* Utilities */ = {
			isa = PBXGroup;
			children = (
				A7E7888F06ACB27DF68231AF /* CertificatrGenerator.swift */,
			);
			path = Utilities;
			sourceTree = "<group>";
		};
		45CA6714E86D4FA24AF87C92 /* Products */ = {
			isa = PBXGroup;
			children = (
				645F0257520ABD03CF2B0BD4 /* TierRun.app */,
				DA0E5B28DDB742B9D4CE16EA /* TierRunTests.xctest */,
				12DF9151CEB2B986E938B8E6 /* TierRunUITests.xctest */,
			);
			name = Products;
			sourceTree = "<group>";
		};
		7E7CD4971E77B76792D30D4D /* TierRun */ = {
			isa = PBXGroup;
			children = (
				0F85F2F2F57ED71E44EF3A09 /* App */,
				F7A4F76C6EBF4F8828ED94CE /* Models */,
				39EC0F4634DD5DF6133938FF /* Services */,
				41F7F3979D36319671C006A6 /* Utilities */,
				8A5DF1DC0CD615BC0546CD83 /* ViewModels */,
				F56DB14E86409F21A53A6944 /* Views */,
				6C499BB365AB4716D82C02B5 /* Assets.xcassets */,
				160A6E47ED2DA355603F21E0 /* ContentView.swift */,
				5ED54F5A0C3C9EDEDF47F871 /* Item.swift */,
				0EF508536AEE9DC0E01F29EA /* TierRun.entitlements */,
			);
			path = TierRun;
			sourceTree = "<group>";
		};
		88304E429C34EC3F9CFE3329 /* TierRunUITests */ = {
			isa = PBXGroup;
			children = (
				43C378080BDAF14DB8302E5A /* TierRunUITests.swift */,
				0C0D90222CB854B6B3E39D4A /* TierRunUITestsLaunchTests.swift */,
			);
			path = TierRunUITests;
			sourceTree = "<group>";
		};
		8A5DF1DC0CD615BC0546CD83 /* ViewModels */ = {
			isa = PBXGroup;
			children = (
				5E33A0D326FFAA7324220723 /* ActivityViewModel.swift */,
				A6A7DADAF6C25355EA943E61 /* HomeViewModel.swift */,
				21F0698D84BA195A6D4FA5FE /* ProfileViewModel.swift */,
				4735052BAEBCC6C9F851E823 /* TierViewModel.swift */,
			);
			path = ViewModels;
			sourceTree = "<group>";
		};
		94ABBCFD2AC6D2205FDE6E2C = {
			isa = PBXGroup;
			children = (
				45CA6714E86D4FA24AF87C92 /* Products */,
				C4943A5E32320D4EA5F007C7 /* Project */,
			);
			sourceTree = "<group>";
		};
		958B073FC8CAA5B41B01B9EE /* InfoPlists */ = {
			isa = PBXGroup;
			children = (
				523BD01501C428645D21D306 /* TierRun-Info.plist */,
				B83545210EB8F5456BB6D35C /* TierRunTests-Info.plist */,
				EE823D5B6F55605B0D2A13ED /* TierRunUITests-Info.plist */,
			);
			path = InfoPlists;
			sourceTree = "<group>";
		};
		B64E9CED481406B1BB03464A /* TierRunTests */ = {
			isa = PBXGroup;
			children = (
				F0B4586FD2ACF567759EA109 /* TierRunTests.swift */,
			);
			path = TierRunTests;
			sourceTree = "<group>";
		};
		C4943A5E32320D4EA5F007C7 /* Project */ = {
			isa = PBXGroup;
			children = (
				3FC5A67CAE00DE9697CB2AAA /* Derived */,
				7E7CD4971E77B76792D30D4D /* TierRun */,
				B64E9CED481406B1BB03464A /* TierRunTests */,
				88304E429C34EC3F9CFE3329 /* TierRunUITests */,
			);
			name = Project;
			sourceTree = "<group>";
		};
		F56DB14E86409F21A53A6944 /* Views */ = {
			isa = PBXGroup;
			children = (
				87A036AA34345C769F61AFDA /* AchievementsView.swift */,
				46379BAA9D0C12DB481F7ABC /* ActivityDetailView.swift */,
				661D34FA3AEEABD0DE003F3E /* ActivityFiltersView.swift */,
				58EF8CC296419EAF6A1B5E47 /* ActivityListView.swift */,
				0DCB50651F16E5CE678D5EC5 /* BasicInfoView.swift */,
				7F4F8F124C116103A6F7F3C7 /* CertificateGeneratorView.swift */,
				C2A55B332626FD348741AB39 /* ConditionCardView.swift */,
				12B72DB36485714879F796FE /* DonationView.swift */,
				47938239D98CBEFC8F391E11 /* HomeView.swift */,
				4C54BED9A81294E1CFAAA37F /* OnboardingView.swift */,
				65C9365A5C99EC1EA74CB912 /* PlacementTestView.swift */,
				D5DF1B61CBA75D406F6A2F42 /* ProfileView.swift */,
				40F52F1D8D333938D6FC64A4 /* RecentActivityCardView.swift */,
				872DBE5E8B6C82CF7BDD6E6B /* SettingsView.swift */,
				8114A576D4A8092A6D6003CA /* TierBadgeView.swift */,
				1784CF63831A49E6AF7A4869 /* TierSystemInfoView.swift */,
				D8ECEE41BD2E2724C91E8BA4 /* TierView.swift */,
				92A2137E2F18E1F1FC095ED8 /* TitlesView.swift */,
				E58BF3C3E8E3B8CD4DD98931 /* WeeklyGoalCardView.swift */,
			);
			path = Views;
			sourceTree = "<group>";
		};
		F7A4F76C6EBF4F8828ED94CE /* Models */ = {
			isa = PBXGroup;
			children = (
				EC26C6DE765EBEC14248AB99 /* Achievement.swift */,
				DFD721426806ADFC162CE5E9 /* Run.swift */,
				1A889937F54687466205D706 /* Tier.swift */,
				04C05048E86D7DA4AE4DFB9F /* Title.swift */,
				8AE03EFC9F749515FF1F5F97 /* User.swift */,
			);
			path = Models;
			sourceTree = "<group>";
		};
/* End PBXGroup section */

/* Begin PBXNativeTarget section */
		4208799D6C5F715F5E95A8E8 /* TierRun */ = {
			isa = PBXNativeTarget;
			buildConfigurationList = 8F8330814064681826C03C6D /* Build configuration list for PBXNativeTarget "TierRun" */;
			buildPhases = (
				0B1C9C2A8777E5B1BFED7276 /* Sources */,
				CDE9BFE4E9CF7D750FA38207 /* Resources */,
				BC95DBFCBA316D0013B29BA2 /* Frameworks */,
				15B6F1F34F733150783FF9C1 /* Embed Frameworks */,
			);
			buildRules = (
			);
			dependencies = (
			);
			name = TierRun;
			packageProductDependencies = (
			);
			productName = TierRun;
			productReference = 645F0257520ABD03CF2B0BD4 /* TierRun.app */;
			productType = "com.apple.product-type.application";
		};
		7AD7146B411C6CD8EFB69BF5 /* TierRunTests */ = {
			isa = PBXNativeTarget;
			buildConfigurationList = 3462F5825A2A7649F0BF8BAD /* Build configuration list for PBXNativeTarget "TierRunTests" */;
			buildPhases = (
				7715D61E9386695219C086F8 /* Sources */,
				2CFB29EF3D81DA3407F2B347 /* Resources */,
				1CF58C48273F69EBB59A0C50 /* Frameworks */,
				908DD585ED1325851008CE56 /* Embed Frameworks */,
			);
			buildRules = (
			);
			dependencies = (
				DAD75130E8FDF154EE27FAD2 /* PBXTargetDependency */,
			);
			name = TierRunTests;
			packageProductDependencies = (
			);
			productName = TierRunTests;
			productReference = DA0E5B28DDB742B9D4CE16EA /* TierRunTests.xctest */;
			productType = "com.apple.product-type.bundle.unit-test";
		};
		C529FCFF2422FFE0AB9124AE /* TierRunUITests */ = {
			isa = PBXNativeTarget;
			buildConfigurationList = 22778948EA56EAB503FC74E3 /* Build configuration list for PBXNativeTarget "TierRunUITests" */;
			buildPhases = (
				82762FAA678BED495ACDB41E /* Sources */,
				5817D810EA7BA1C5059CA503 /* Resources */,
				78A3C647112CC938C8849A70 /* Frameworks */,
				E2A7C200AE3D5710A2BF3998 /* Embed Frameworks */,
			);
			buildRules = (
			);
			dependencies = (
				1C0A573DDD84E8E0E90A127C /* PBXTargetDependency */,
			);
			name = TierRunUITests;
			packageProductDependencies = (
			);
			productName = TierRunUITests;
			productReference = 12DF9151CEB2B986E938B8E6 /* TierRunUITests.xctest */;
			productType = "com.apple.product-type.bundle.ui-testing";
		};
/* End PBXNativeTarget section */

/* Begin PBXProject section */
		50D50208ADAACFE1C3454E30 /* Project object */ = {
			isa = PBXProject;
			attributes = {
				BuildIndependentTargetsInParallel = YES;
				ORGANIZATIONNAME = com.tngtng;
				TargetAttributes = {
					7AD7146B411C6CD8EFB69BF5 = {
						TestTargetID = 4208799D6C5F715F5E95A8E8;
					};
					C529FCFF2422FFE0AB9124AE = {
						TestTargetID = 4208799D6C5F715F5E95A8E8;
					};
				};
			};
			buildConfigurationList = DDB7C810F5AA4975ECFA9E68 /* Build configuration list for PBXProject "TierRun" */;
			compatibilityVersion = "Xcode 14.0";
			developmentRegion = en;
			hasScannedForEncodings = 0;
			knownRegions = (
				Base,
				en,
			);
			mainGroup = 94ABBCFD2AC6D2205FDE6E2C;
			productRefGroup = 45CA6714E86D4FA24AF87C92 /* Products */;
			projectDirPath = "";
			projectRoot = "";
			targets = (
				4208799D6C5F715F5E95A8E8 /* TierRun */,
				7AD7146B411C6CD8EFB69BF5 /* TierRunTests */,
				C529FCFF2422FFE0AB9124AE /* TierRunUITests */,
			);
		};
/* End PBXProject section */

/* Begin PBXResourcesBuildPhase section */
		2CFB29EF3D81DA3407F2B347 /* Resources */ = {
			isa = PBXResourcesBuildPhase;
			buildActionMask = 2147483647;
			files = (
			);
			runOnlyForDeploymentPostprocessing = 0;
		};
		5817D810EA7BA1C5059CA503 /* Resources */ = {
			isa = PBXResourcesBuildPhase;
			buildActionMask = 2147483647;
			files = (
			);
			runOnlyForDeploymentPostprocessing = 0;
		};
		CDE9BFE4E9CF7D750FA38207 /* Resources */ = {
			isa = PBXResourcesBuildPhase;
			buildActionMask = 2147483647;
			files = (
				B412852F407EAE8870283E32 /* Assets.xcassets in Resources */,
			);
			runOnlyForDeploymentPostprocessing = 0;
		};
/* End PBXResourcesBuildPhase section */

/* Begin PBXSourcesBuildPhase section */
		0B1C9C2A8777E5B1BFED7276 /* Sources */ = {
			isa = PBXSourcesBuildPhase;
			buildActionMask = 2147483647;
			files = (
				55CB8D9DB2BE0766C31B2E4E /* TuistAssets+TierRun.swift in Sources */,
				39795A3EF79D769000262690 /* TuistBundle+TierRun.swift in Sources */,
				0ADC72DCAA13C9DC20950135 /* TierRunApp.swift in Sources */,
				7CA31105C5F00F6222DEF95A /* ContentView.swift in Sources */,
				3441B2677B215B8A7C8476DC /* Item.swift in Sources */,
				E9E2753DBF8693A14C4C7463 /* Achievement.swift in Sources */,
				46790FFB279532952F52F1D4 /* Run.swift in Sources */,
				6662624B16EA56ADF81D26AD /* Tier.swift in Sources */,
				171E8E996FE69EA3EA9BEDB1 /* Title.swift in Sources */,
				6446C47F3BF39716ADCCBE87 /* User.swift in Sources */,
				E3B4571C8C13CFD68E3B50ED /* Constants.swift in Sources */,
				613A604158A6467152501B3E /* Extensions.swift in Sources */,
				9CC20BD10C4859DBF9B74FB0 /* HealthKitManager.swift in Sources */,
				ABDD1A420FC90375C9A97671 /* NotificationManager.swift in Sources */,
				F99DA2C702A48B5CF4400859 /* TierCalculator.swift in Sources */,
				3696A781E660987992D00BE5 /* CertificatrGenerator.swift in Sources */,
				DBD2364B10DEC9B2BF13E8D9 /* ActivityViewModel.swift in Sources */,
				E97F3F3D7EBD6BA6E23837F8 /* HomeViewModel.swift in Sources */,
				FE8949FD297EC21578BE5E14 /* ProfileViewModel.swift in Sources */,
				3118C134FE9C722159BE81D6 /* TierViewModel.swift in Sources */,
				6434E8398D80AE6F26F8DC03 /* AchievementsView.swift in Sources */,
				AA7780AF640C9F6294137217 /* ActivityDetailView.swift in Sources */,
				D9D5B8A9A6D2861FDB51E749 /* ActivityFiltersView.swift in Sources */,
				C0EEABF1F06B90770CDD23FC /* ActivityListView.swift in Sources */,
				999EE454B5CA45B18E623D9A /* BasicInfoView.swift in Sources */,
				86C13129ABF6358B3BD83EEC /* CertificateGeneratorView.swift in Sources */,
				D758420FD80C381EB8434FD7 /* ConditionCardView.swift in Sources */,
				5E7CA548BB1F98DC6E717651 /* DonationView.swift in Sources */,
				3581694BA92FB7C6DB43BFCA /* HomeView.swift in Sources */,
				2B3A7516E2522B769F2DADCF /* OnboardingView.swift in Sources */,
				050BFBF5F947CF3DE37F78C3 /* PlacementTestView.swift in Sources */,
				5CC46E48A54AA0A7A41DCD3B /* ProfileView.swift in Sources */,
				C64C891369251E04FAFA2217 /* RecentActivityCardView.swift in Sources */,
				94953B49DB2AAD5866049765 /* SettingsView.swift in Sources */,
				4322D129EFDC91F83A54C967 /* TierBadgeView.swift in Sources */,
				E3D12930C4D6732845F1F656 /* TierSystemInfoView.swift in Sources */,
				0C7B5C613484BDE6BD5785ED /* TierView.swift in Sources */,
				2D383E2D05D2FB71958A343B /* TitlesView.swift in Sources */,
				38BA5711A2297273453E7C55 /* WeeklyGoalCardView.swift in Sources */,
			);
			runOnlyForDeploymentPostprocessing = 0;
		};
		7715D61E9386695219C086F8 /* Sources */ = {
			isa = PBXSourcesBuildPhase;
			buildActionMask = 2147483647;
			files = (
				127A12FBB4AC57E88471A3AC /* TierRunTests.swift in Sources */,
			);
			runOnlyForDeploymentPostprocessing = 0;
		};
		82762FAA678BED495ACDB41E /* Sources */ = {
			isa = PBXSourcesBuildPhase;
			buildActionMask = 2147483647;
			files = (
				B43B3E5D9B192DB6536C8E22 /* TierRunUITests.swift in Sources */,
				0B8DD26EA9B759DA8FBCDCCE /* TierRunUITestsLaunchTests.swift in Sources */,
			);
			runOnlyForDeploymentPostprocessing = 0;
		};
/* End PBXSourcesBuildPhase section */

/* Begin PBXTargetDependency section */
		1C0A573DDD84E8E0E90A127C /* PBXTargetDependency */ = {
			isa = PBXTargetDependency;
			name = TierRun;
			target = 4208799D6C5F715F5E95A8E8 /* TierRun */;
			targetProxy = 8611C224E887D9136907286C /* PBXContainerItemProxy */;
		};
		DAD75130E8FDF154EE27FAD2 /* PBXTargetDependency */ = {
			isa = PBXTargetDependency;
			name = TierRun;
			target = 4208799D6C5F715F5E95A8E8 /* TierRun */;
			targetProxy = ED70FA975AD8D513930F9341 /* PBXContainerItemProxy */;
		};
/* End PBXTargetDependency section */

/* Begin XCBuildConfiguration section */
		06DAD65DC0C713C39771C14A /* Release */ = {
			isa = XCBuildConfiguration;
			buildSettings = {
				ASSETCATALOG_COMPILER_APPICON_NAME = AppIcon;
				ASSETCATALOG_COMPILER_GLOBAL_ACCENT_COLOR_NAME = AccentColor;
				CODE_SIGN_ENTITLEMENTS = TierRun/TierRun.entitlements;
				CODE_SIGN_IDENTITY = "iPhone Developer";
				ENABLE_PREVIEWS = YES;
				INFOPLIST_FILE = "Derived/InfoPlists/TierRun-Info.plist";
				IPHONEOS_DEPLOYMENT_TARGET = 18.0;
				LD_RUNPATH_SEARCH_PATHS = (
					"$(inherited)",
					"@executable_path/Frameworks",
				);
				PRODUCT_BUNDLE_IDENTIFIER = com.tngtng.TierRun;
				PRODUCT_NAME = TierRun;
				SDKROOT = iphoneos;
				SUPPORTS_MACCATALYST = NO;
				SUPPORTS_MAC_DESIGNED_FOR_IPHONE_IPAD = YES;
				SUPPORTS_XR_DESIGNED_FOR_IPHONE_IPAD = NO;
				SWIFT_COMPILATION_MODE = wholemodule;
				SWIFT_OPTIMIZATION_LEVEL = "-O";
				SWIFT_VERSION = 5.0;
				TARGETED_DEVICE_FAMILY = "1,2";
			};
			name = Release;
		};
		0811A7B5E6957AC3B443EED1 /* Debug */ = {
			isa = XCBuildConfiguration;
			buildSettings = {
				BUNDLE_LOADER = "$(TEST_HOST)";
				CODE_SIGN_IDENTITY = "iPhone Developer";
				INFOPLIST_FILE = "Derived/InfoPlists/TierRunTests-Info.plist";
				IPHONEOS_DEPLOYMENT_TARGET = 18.0;
				LD_RUNPATH_SEARCH_PATHS = (
					"$(inherited)",
					"@executable_path/Frameworks",
					"@loader_path/Frameworks",
				);
				PRODUCT_BUNDLE_IDENTIFIER = com.tngtng.TierRunTests;
				PRODUCT_NAME = TierRunTests;
				SDKROOT = iphoneos;
				SUPPORTS_MACCATALYST = NO;
				SUPPORTS_MAC_DESIGNED_FOR_IPHONE_IPAD = YES;
				SUPPORTS_XR_DESIGNED_FOR_IPHONE_IPAD = NO;
				SWIFT_ACTIVE_COMPILATION_CONDITIONS = (
					"$(inherited)",
					DEBUG,
				);
				SWIFT_COMPILATION_MODE = singlefile;
				SWIFT_OPTIMIZATION_LEVEL = "-Onone";
				SWIFT_VERSION = 5.0;
				TARGETED_DEVICE_FAMILY = "1,2";
				TEST_HOST = "$(BUILT_PRODUCTS_DIR)/TierRun.app/$(BUNDLE_EXECUTABLE_FOLDER_PATH)/TierRun";
				TEST_TARGET_NAME = TierRun;
			};
			name = Debug;
		};
		6DCEA48B6D86D7329F99A4B4 /* Release */ = {
			isa = XCBuildConfiguration;
			buildSettings = {
				CODE_SIGN_IDENTITY = "iPhone Developer";
				INFOPLIST_FILE = "Derived/InfoPlists/TierRunUITests-Info.plist";
				IPHONEOS_DEPLOYMENT_TARGET = 18.0;
				LD_RUNPATH_SEARCH_PATHS = (
					"$(inherited)",
					"@executable_path/Frameworks",
					"@loader_path/Frameworks",
				);
				PRODUCT_BUNDLE_IDENTIFIER = com.tngtng.TierRunUITests;
				PRODUCT_NAME = TierRunUITests;
				SDKROOT = iphoneos;
				SUPPORTS_MACCATALYST = NO;
				SUPPORTS_MAC_DESIGNED_FOR_IPHONE_IPAD = YES;
				SUPPORTS_XR_DESIGNED_FOR_IPHONE_IPAD = NO;
				SWIFT_COMPILATION_MODE = wholemodule;
				SWIFT_OPTIMIZATION_LEVEL = "-O";
				SWIFT_VERSION = 5.0;
				TARGETED_DEVICE_FAMILY = "1,2";
				TEST_TARGET_NAME = TierRun;
			};
			name = Release;
		};
		999E9A99498D87E920F42609 /* Debug */ = {
			isa = XCBuildConfiguration;
			buildSettings = {
				ALWAYS_SEARCH_USER_PATHS = NO;
				CLANG_ANALYZER_LOCALIZABILITY_NONLOCALIZED = YES;
				CLANG_ANALYZER_NONNULL = YES;
				CLANG_ANALYZER_NUMBER_OBJECT_CONVERSION = YES_AGGRESSIVE;
				CLANG_CXX_LANGUAGE_STANDARD = "gnu++14";
				CLANG_CXX_LIBRARY = "libc++";
				CLANG_ENABLE_MODULES = YES;
				CLANG_ENABLE_OBJC_ARC = YES;
				CLANG_ENABLE_OBJC_WEAK = YES;
				CLANG_WARN_BLOCK_CAPTURE_AUTORELEASING = YES;
				CLANG_WARN_BOOL_CONVERSION = YES;
				CLANG_WARN_COMMA = YES;
				CLANG_WARN_CONSTANT_CONVERSION = YES;
				CLANG_WARN_DEPRECATED_OBJC_IMPLEMENTATIONS = YES;
				CLANG_WARN_DIRECT_OBJC_ISA_USAGE = YES_ERROR;
				CLANG_WARN_DOCUMENTATION_COMMENTS = YES;
				CLANG_WARN_EMPTY_BODY = YES;
				CLANG_WARN_ENUM_CONVERSION = YES;
				CLANG_WARN_INFINITE_RECURSION = YES;
				CLANG_WARN_INT_CONVERSION = YES;
				CLANG_WARN_NON_LITERAL_NULL_CONVERSION = YES;
				CLANG_WARN_OBJC_IMPLICIT_RETAIN_SELF = YES;
				CLANG_WARN_OBJC_LITERAL_CONVERSION = YES;
				CLANG_WARN_OBJC_ROOT_CLASS = YES_ERROR;
				CLANG_WARN_QUOTED_INCLUDE_IN_FRAMEWORK_HEADER = YES;
				CLANG_WARN_RANGE_LOOP_ANALYSIS = YES;
				CLANG_WARN_STRICT_PROTOTYPES = YES;
				CLANG_WARN_SUSPICIOUS_MOVE = YES;
				CLANG_WARN_UNGUARDED_AVAILABILITY = YES_AGGRESSIVE;
				CLANG_WARN_UNREACHABLE_CODE = YES;
				CLANG_WARN__DUPLICATE_METHOD_MATCH = YES;
				COPY_PHASE_STRIP = NO;
				DEAD_CODE_STRIPPING = YES;
				DEBUG_INFORMATION_FORMAT = dwarf;
				DEVELOPMENT_TEAM = "";
				ENABLE_STRICT_OBJC_MSGSEND = YES;
				ENABLE_TESTABILITY = YES;
				GCC_C_LANGUAGE_STANDARD = gnu11;
				GCC_DYNAMIC_NO_PIC = NO;
				GCC_NO_COMMON_BLOCKS = YES;
				GCC_OPTIMIZATION_LEVEL = 0;
				GCC_PREPROCESSOR_DEFINITIONS = (
					"DEBUG=1",
					"$(inherited)",
				);
				GCC_WARN_64_TO_32_BIT_CONVERSION = YES;
				GCC_WARN_ABOUT_RETURN_TYPE = YES_ERROR;
				GCC_WARN_UNDECLARED_SELECTOR = YES;
				GCC_WARN_UNINITIALIZED_AUTOS = YES_AGGRESSIVE;
				GCC_WARN_UNUSED_FUNCTION = YES;
				GCC_WARN_UNUSED_VARIABLE = YES;
				MTL_ENABLE_DEBUG_INFO = YES;
				ONLY_ACTIVE_ARCH = YES;
				PRODUCT_NAME = "$(TARGET_NAME)";
			};
			name = Debug;
		};
		9A31236097D01AE20760F963 /* Release */ = {
			isa = XCBuildConfiguration;
			buildSettings = {
				ALWAYS_SEARCH_USER_PATHS = NO;
				CLANG_ANALYZER_LOCALIZABILITY_NONLOCALIZED = YES;
				CLANG_ANALYZER_NONNULL = YES;
				CLANG_ANALYZER_NUMBER_OBJECT_CONVERSION = YES_AGGRESSIVE;
				CLANG_CXX_LANGUAGE_STANDARD = "gnu++14";
				CLANG_CXX_LIBRARY = "libc++";
				CLANG_ENABLE_MODULES = YES;
				CLANG_ENABLE_OBJC_ARC = YES;
				CLANG_ENABLE_OBJC_WEAK = YES;
				CLANG_WARN_BLOCK_CAPTURE_AUTORELEASING = YES;
				CLANG_WARN_BOOL_CONVERSION = YES;
				CLANG_WARN_COMMA = YES;
				CLANG_WARN_CONSTANT_CONVERSION = YES;
				CLANG_WARN_DEPRECATED_OBJC_IMPLEMENTATIONS = YES;
				CLANG_WARN_DIRECT_OBJC_ISA_USAGE = YES_ERROR;
				CLANG_WARN_DOCUMENTATION_COMMENTS = YES;
				CLANG_WARN_EMPTY_BODY = YES;
				CLANG_WARN_ENUM_CONVERSION = YES;
				CLANG_WARN_INFINITE_RECURSION = YES;
				CLANG_WARN_INT_CONVERSION = YES;
				CLANG_WARN_NON_LITERAL_NULL_CONVERSION = YES;
				CLANG_WARN_OBJC_IMPLICIT_RETAIN_SELF = YES;
				CLANG_WARN_OBJC_LITERAL_CONVERSION = YES;
				CLANG_WARN_OBJC_ROOT_CLASS = YES_ERROR;
				CLANG_WARN_QUOTED_INCLUDE_IN_FRAMEWORK_HEADER = YES;
				CLANG_WARN_RANGE_LOOP_ANALYSIS = YES;
				CLANG_WARN_STRICT_PROTOTYPES = YES;
				CLANG_WARN_SUSPICIOUS_MOVE = YES;
				CLANG_WARN_UNGUARDED_AVAILABILITY = YES_AGGRESSIVE;
				CLANG_WARN_UNREACHABLE_CODE = YES;
				CLANG_WARN__DUPLICATE_METHOD_MATCH = YES;
				COPY_PHASE_STRIP = NO;
				DEAD_CODE_STRIPPING = YES;
				DEBUG_INFORMATION_FORMAT = "dwarf-with-dsym";
				DEVELOPMENT_TEAM = "";
				ENABLE_NS_ASSERTIONS = NO;
				ENABLE_STRICT_OBJC_MSGSEND = YES;
				GCC_C_LANGUAGE_STANDARD = gnu11;
				GCC_NO_COMMON_BLOCKS = YES;
				GCC_WARN_64_TO_32_BIT_CONVERSION = YES;
				GCC_WARN_ABOUT_RETURN_TYPE = YES_ERROR;
				GCC_WARN_UNDECLARED_SELECTOR = YES;
				GCC_WARN_UNINITIALIZED_AUTOS = YES_AGGRESSIVE;
				GCC_WARN_UNUSED_FUNCTION = YES;
				GCC_WARN_UNUSED_VARIABLE = YES;
				MTL_ENABLE_DEBUG_INFO = NO;
				PRODUCT_NAME = "$(TARGET_NAME)";
				VALIDATE_PRODUCT = YES;
			};
			name = Release;
		};
		A60DD15307BEA9A8CFE076A9 /* Release */ = {
			isa = XCBuildConfiguration;
			buildSettings = {
				BUNDLE_LOADER = "$(TEST_HOST)";
				CODE_SIGN_IDENTITY = "iPhone Developer";
				INFOPLIST_FILE = "Derived/InfoPlists/TierRunTests-Info.plist";
				IPHONEOS_DEPLOYMENT_TARGET = 18.0;
				LD_RUNPATH_SEARCH_PATHS = (
					"$(inherited)",
					"@executable_path/Frameworks",
					"@loader_path/Frameworks",
				);
				PRODUCT_BUNDLE_IDENTIFIER = com.tngtng.TierRunTests;
				PRODUCT_NAME = TierRunTests;
				SDKROOT = iphoneos;
				SUPPORTS_MACCATALYST = NO;
				SUPPORTS_MAC_DESIGNED_FOR_IPHONE_IPAD = YES;
				SUPPORTS_XR_DESIGNED_FOR_IPHONE_IPAD = NO;
				SWIFT_COMPILATION_MODE = wholemodule;
				SWIFT_OPTIMIZATION_LEVEL = "-O";
				SWIFT_VERSION = 5.0;
				TARGETED_DEVICE_FAMILY = "1,2";
				TEST_HOST = "$(BUILT_PRODUCTS_DIR)/TierRun.app/$(BUNDLE_EXECUTABLE_FOLDER_PATH)/TierRun";
				TEST_TARGET_NAME = TierRun;
			};
			name = Release;
		};
		AA154C1535CF2982D22800C9 /* Debug */ = {
			isa = XCBuildConfiguration;
			buildSettings = {
				ASSETCATALOG_COMPILER_APPICON_NAME = AppIcon;
				ASSETCATALOG_COMPILER_GLOBAL_ACCENT_COLOR_NAME = AccentColor;
				CODE_SIGN_ENTITLEMENTS = TierRun/TierRun.entitlements;
				CODE_SIGN_IDENTITY = "iPhone Developer";
				ENABLE_PREVIEWS = YES;
				INFOPLIST_FILE = "Derived/InfoPlists/TierRun-Info.plist";
				IPHONEOS_DEPLOYMENT_TARGET = 18.0;
				LD_RUNPATH_SEARCH_PATHS = (
					"$(inherited)",
					"@executable_path/Frameworks",
				);
				PRODUCT_BUNDLE_IDENTIFIER = com.tngtng.TierRun;
				PRODUCT_NAME = TierRun;
				SDKROOT = iphoneos;
				SUPPORTS_MACCATALYST = NO;
				SUPPORTS_MAC_DESIGNED_FOR_IPHONE_IPAD = YES;
				SUPPORTS_XR_DESIGNED_FOR_IPHONE_IPAD = NO;
				SWIFT_ACTIVE_COMPILATION_CONDITIONS = (
					"$(inherited)",
					DEBUG,
				);
				SWIFT_COMPILATION_MODE = singlefile;
				SWIFT_OPTIMIZATION_LEVEL = "-Onone";
				SWIFT_VERSION = 5.0;
				TARGETED_DEVICE_FAMILY = "1,2";
			};
			name = Debug;
		};
		DEA06927BC6B8A31D9387616 /* Debug */ = {
			isa = XCBuildConfiguration;
			buildSettings = {
				CODE_SIGN_IDENTITY = "iPhone Developer";
				INFOPLIST_FILE = "Derived/InfoPlists/TierRunUITests-Info.plist";
				IPHONEOS_DEPLOYMENT_TARGET = 18.0;
				LD_RUNPATH_SEARCH_PATHS = (
					"$(inherited)",
					"@executable_path/Frameworks",
					"@loader_path/Frameworks",
				);
				PRODUCT_BUNDLE_IDENTIFIER = com.tngtng.TierRunUITests;
				PRODUCT_NAME = TierRunUITests;
				SDKROOT = iphoneos;
				SUPPORTS_MACCATALYST = NO;
				SUPPORTS_MAC_DESIGNED_FOR_IPHONE_IPAD = YES;
				SUPPORTS_XR_DESIGNED_FOR_IPHONE_IPAD = NO;
				SWIFT_ACTIVE_COMPILATION_CONDITIONS = (
					"$(inherited)",
					DEBUG,
				);
				SWIFT_COMPILATION_MODE = singlefile;
				SWIFT_OPTIMIZATION_LEVEL = "-Onone";
				SWIFT_VERSION = 5.0;
				TARGETED_DEVICE_FAMILY = "1,2";
				TEST_TARGET_NAME = TierRun;
			};
			name = Debug;
		};
/* End XCBuildConfiguration section */

/* Begin XCConfigurationList section */
		22778948EA56EAB503FC74E3 /* Build configuration list for PBXNativeTarget "TierRunUITests" */ = {
			isa = XCConfigurationList;
			buildConfigurations = (
				DEA06927BC6B8A31D9387616 /* Debug */,
				6DCEA48B6D86D7329F99A4B4 /* Release */,
			);
			defaultConfigurationIsVisible = 0;
			defaultConfigurationName = Release;
		};
		3462F5825A2A7649F0BF8BAD /* Build configuration list for PBXNativeTarget "TierRunTests" */ = {
			isa = XCConfigurationList;
			buildConfigurations = (
				0811A7B5E6957AC3B443EED1 /* Debug */,
				A60DD15307BEA9A8CFE076A9 /* Release */,
			);
			defaultConfigurationIsVisible = 0;
			defaultConfigurationName = Release;
		};
		8F8330814064681826C03C6D /* Build configuration list for PBXNativeTarget "TierRun" */ = {
			isa = XCConfigurationList;
			buildConfigurations = (
				AA154C1535CF2982D22800C9 /* Debug */,
				06DAD65DC0C713C39771C14A /* Release */,
			);
			defaultConfigurationIsVisible = 0;
			defaultConfigurationName = Release;
		};
		DDB7C810F5AA4975ECFA9E68 /* Build configuration list for PBXProject "TierRun" */ = {
			isa = XCConfigurationList;
			buildConfigurations = (
				999E9A99498D87E920F42609 /* Debug */,
				9A31236097D01AE20760F963 /* Release */,
			);
			defaultConfigurationIsVisible = 0;
			defaultConfigurationName = Release;
		};
/* End XCConfigurationList section */
	};
	rootObject = 50D50208ADAACFE1C3454E30 /* Project object */;
}
